
Microsoft Visual Studio Solution File, Format Version 12.00
# Visual Studio Version 17
VisualStudioVersion = 17.5.33530.505
MinimumVisualStudioVersion = 10.0.40219.1
Project("{2150E333-8FDC-42A3-9474-1A3956D46DE8}") = "Platforms", "Platforms", "{31F91B12-A833-4475-B608-58AC17F00F92}"
EndProject
Project("{FAE04EC0-301F-11D3-BF4B-00C04F79EFBC}") = "SplitterGrid", "SplitterGrid\SplitterGrid.csproj", "{DD07C297-8D7D-4C6C-AEFD-791261B8EC57}"
EndProject
Project("{FAE04EC0-301F-11D3-BF4B-00C04F79EFBC}") = "SplitterGrid.Wasm", "SplitterGrid.Wasm\SplitterGrid.Wasm.csproj", "{80071EFA-E6DD-4873-9847-0FD8F4F8FFCD}"
EndProject
Global
	GlobalSection(SolutionConfigurationPlatforms) = preSolution
		Debug|Any CPU = Debug|Any CPU
		Release|Any CPU = Release|Any CPU
	EndGlobalSection
	GlobalSection(ProjectConfigurationPlatforms) = postSolution
		{DD07C297-8D7D-4C6C-AEFD-791261B8EC57}.Debug|Any CPU.ActiveCfg = Debug|Any CPU
		{DD07C297-8D7D-4C6C-AEFD-791261B8EC57}.Debug|Any CPU.Build.0 = Debug|Any CPU
		{DD07C297-8D7D-4C6C-AEFD-791261B8EC57}.Release|Any CPU.ActiveCfg = Release|Any CPU
		{DD07C297-8D7D-4C6C-AEFD-791261B8EC57}.Release|Any CPU.Build.0 = Release|Any CPU
		{80071EFA-E6DD-4873-9847-0FD8F4F8FFCD}.Debug|Any CPU.ActiveCfg = Debug|Any CPU
		{80071EFA-E6DD-4873-9847-0FD8F4F8FFCD}.Debug|Any CPU.Build.0 = Debug|Any CPU
		{80071EFA-E6DD-4873-9847-0FD8F4F8FFCD}.Release|Any CPU.ActiveCfg = Release|Any CPU
		{80071EFA-E6DD-4873-9847-0FD8F4F8FFCD}.Release|Any CPU.Build.0 = Release|Any CPU
	EndGlobalSection
	GlobalSection(SolutionProperties) = preSolution
		HideSolutionNode = FALSE
	EndGlobalSection
	GlobalSection(NestedProjects) = preSolution
		{80071EFA-E6DD-4873-9847-0FD8F4F8FFCD} = {31F91B12-A833-4475-B608-58AC17F00F92}
	EndGlobalSection
	GlobalSection(ExtensibilityGlobals) = postSolution
		SolutionGuid = {A457B33A-0C54-477D-A9DE-E6F708F81CCB}
	EndGlobalSection
EndGlobal
